
Microsoft Visual Studio Solution File, Format Version 12.00
# Visual Studio 15
VisualStudioVersion = 15.0.26730.10
MinimumVisualStudioVersion = 10.0.40219.1
Project("{FAE04EC0-301F-11D3-BF4B-00C04F79EFBC}") = "OnlyR", "OnlyR\OnlyR.csproj", "{BE4DD680-A5C0-4971-AD4B-EE8D964A6270}"
EndProject
Project("{FAE04EC0-301F-11D3-BF4B-00C04F79EFBC}") = "OnlyR.Core", "OnlyR.Core\OnlyR.Core.csproj", "{5FC5515D-7ACF-4736-BCFD-F9E7CC45B062}"
EndProject
Project("{2150E333-8FDC-42A3-9474-1A3956D46DE8}") = "SolutionItems", "SolutionItems", "{A77F5339-BEDE-4F9E-9059-98F89E27EF4E}"
	ProjectSection(SolutionItems) = preProject
		SolutionInfo.cs = SolutionInfo.cs
	EndProjectSection
EndProject
Global
	GlobalSection(SolutionConfigurationPlatforms) = preSolution
		Debug|Any CPU = Debug|Any CPU
		Release|Any CPU = Release|Any CPU
	EndGlobalSection
	GlobalSection(ProjectConfigurationPlatforms) = postSolution
		{BE4DD680-A5C0-4971-AD4B-EE8D964A6270}.Debug|Any CPU.ActiveCfg = Debug|Any CPU
		{BE4DD680-A5C0-4971-AD4B-EE8D964A6270}.Debug|Any CPU.Build.0 = Debug|Any CPU
		{BE4DD680-A5C0-4971-AD4B-EE8D964A6270}.Release|Any CPU.ActiveCfg = Release|Any CPU
		{BE4DD680-A5C0-4971-AD4B-EE8D964A6270}.Release|Any CPU.Build.0 = Release|Any CPU
		{5FC5515D-7ACF-4736-BCFD-F9E7CC45B062}.Debug|Any CPU.ActiveCfg = Debug|Any CPU
		{5FC5515D-7ACF-4736-BCFD-F9E7CC45B062}.Debug|Any CPU.Build.0 = Debug|Any CPU
		{5FC5515D-7ACF-4736-BCFD-F9E7CC45B062}.Release|Any CPU.ActiveCfg = Release|Any CPU
		{5FC5515D-7ACF-4736-BCFD-F9E7CC45B062}.Release|Any CPU.Build.0 = Release|Any CPU
	EndGlobalSection
	GlobalSection(SolutionProperties) = preSolution
		HideSolutionNode = FALSE
	EndGlobalSection
	GlobalSection(ExtensibilityGlobals) = postSolution
		SolutionGuid = {1AE5A693-A7FE-4624-AB27-3011A72E058F}
	EndGlobalSection
EndGlobal
