
Microsoft Visual Studio Solution File, Format Version 12.00
# Visual Studio Version 16
VisualStudioVersion = 16.0.30907.101
MinimumVisualStudioVersion = 10.0.40219.1
Project("{9A19103F-16F7-4668-BE54-9A1E7A4F7556}") = "OnlyR", "OnlyR\OnlyR.csproj", "{BE4DD680-A5C0-4971-AD4B-EE8D964A6270}"
EndProject
Project("{9A19103F-16F7-4668-BE54-9A1E7A4F7556}") = "OnlyR.Core", "OnlyR.Core\OnlyR.Core.csproj", "{5FC5515D-7ACF-4736-BCFD-F9E7CC45B062}"
EndProject
Project("{2150E333-8FDC-42A3-9474-1A3956D46DE8}") = "SolutionItems", "SolutionItems", "{A77F5339-BEDE-4F9E-9059-98F89E27EF4E}"
	ProjectSection(SolutionItems) = preProject
		SolutionInfo.cs = SolutionInfo.cs
	EndProjectSection
EndProject
Project("{9A19103F-16F7-4668-BE54-9A1E7A4F7556}") = "OnlyR.Tests", "OnlyR.Tests\OnlyR.Tests.csproj", "{6F411EE5-048C-4DED-9930-AF392DF152F9}"
EndProject
Project("{2150E333-8FDC-42A3-9474-1A3956D46DE8}") = "Solution Items", "Solution Items", "{BE751861-C5DC-48DA-AA63-33ADD827D97C}"
	ProjectSection(SolutionItems) = preProject
		.editorconfig = .editorconfig
	EndProjectSection
EndProject
Global
	GlobalSection(SolutionConfigurationPlatforms) = preSolution
		Debug|Any CPU = Debug|Any CPU
		Debug|x86 = Debug|x86
		Release|Any CPU = Release|Any CPU
		Release|x86 = Release|x86
	EndGlobalSection
	GlobalSection(ProjectConfigurationPlatforms) = postSolution
		{BE4DD680-A5C0-4971-AD4B-EE8D964A6270}.Debug|Any CPU.ActiveCfg = Debug|Any CPU
		{BE4DD680-A5C0-4971-AD4B-EE8D964A6270}.Debug|Any CPU.Build.0 = Debug|Any CPU
		{BE4DD680-A5C0-4971-AD4B-EE8D964A6270}.Debug|x86.ActiveCfg = Debug|Any CPU
		{BE4DD680-A5C0-4971-AD4B-EE8D964A6270}.Debug|x86.Build.0 = Debug|Any CPU
		{BE4DD680-A5C0-4971-AD4B-EE8D964A6270}.Release|Any CPU.ActiveCfg = Release|Any CPU
		{BE4DD680-A5C0-4971-AD4B-EE8D964A6270}.Release|Any CPU.Build.0 = Release|Any CPU
		{BE4DD680-A5C0-4971-AD4B-EE8D964A6270}.Release|x86.ActiveCfg = Release|x86
		{BE4DD680-A5C0-4971-AD4B-EE8D964A6270}.Release|x86.Build.0 = Release|x86
		{5FC5515D-7ACF-4736-BCFD-F9E7CC45B062}.Debug|Any CPU.ActiveCfg = Debug|Any CPU
		{5FC5515D-7ACF-4736-BCFD-F9E7CC45B062}.Debug|Any CPU.Build.0 = Debug|Any CPU
		{5FC5515D-7ACF-4736-BCFD-F9E7CC45B062}.Debug|x86.ActiveCfg = Debug|Any CPU
		{5FC5515D-7ACF-4736-BCFD-F9E7CC45B062}.Debug|x86.Build.0 = Debug|Any CPU
		{5FC5515D-7ACF-4736-BCFD-F9E7CC45B062}.Release|Any CPU.ActiveCfg = Release|Any CPU
		{5FC5515D-7ACF-4736-BCFD-F9E7CC45B062}.Release|Any CPU.Build.0 = Release|Any CPU
		{5FC5515D-7ACF-4736-BCFD-F9E7CC45B062}.Release|x86.ActiveCfg = Release|x86
		{5FC5515D-7ACF-4736-BCFD-F9E7CC45B062}.Release|x86.Build.0 = Release|x86
		{6F411EE5-048C-4DED-9930-AF392DF152F9}.Debug|Any CPU.ActiveCfg = Debug|Any CPU
		{6F411EE5-048C-4DED-9930-AF392DF152F9}.Debug|Any CPU.Build.0 = Debug|Any CPU
		{6F411EE5-048C-4DED-9930-AF392DF152F9}.Debug|x86.ActiveCfg = Debug|Any CPU
		{6F411EE5-048C-4DED-9930-AF392DF152F9}.Debug|x86.Build.0 = Debug|Any CPU
		{6F411EE5-048C-4DED-9930-AF392DF152F9}.Release|Any CPU.ActiveCfg = Release|Any CPU
		{6F411EE5-048C-4DED-9930-AF392DF152F9}.Release|Any CPU.Build.0 = Release|Any CPU
		{6F411EE5-048C-4DED-9930-AF392DF152F9}.Release|x86.ActiveCfg = Release|x86
		{6F411EE5-048C-4DED-9930-AF392DF152F9}.Release|x86.Build.0 = Release|x86
	EndGlobalSection
	GlobalSection(SolutionProperties) = preSolution
		HideSolutionNode = FALSE
	EndGlobalSection
	GlobalSection(ExtensibilityGlobals) = postSolution
		SolutionGuid = {1AE5A693-A7FE-4624-AB27-3011A72E058F}
	EndGlobalSection
EndGlobal
